
Microsoft Visual Studio Solution File, Format Version 12.00
# Visual Studio Version 17
VisualStudioVersion = 17.2.32526.322
MinimumVisualStudioVersion = 10.0.40219.1
Project("{9A19103F-16F7-4668-BE54-9A1E7A4F7556}") = "InitializeBinFolder.Common", "InitializeBinFolder.Common\InitializeBinFolder.Common.csproj", "{46B86BC9-654F-4C4E-9104-7E860D49E2FD}"
EndProject
Project("{FAE04EC0-301F-11D3-BF4B-00C04F79EFBC}") = "InitializeBinFolder.PowerShell", "InitializeBinFolder.PowerShell\InitializeBinFolder.PowerShell.csproj", "{8CF5AEF7-1A6B-486C-96DA-0246179AD07F}"
EndProject
Project("{FAE04EC0-301F-11D3-BF4B-00C04F79EFBC}") = "InitializeBinFolder.Standalone", "InitializeBinFolder.Standalone\InitializeBinFolder.Standalone.csproj", "{35047291-5F61-43CE-AE52-F58934DAEBBC}"
EndProject
Project("{2150E333-8FDC-42A3-9474-1A3956D46DE8}") = ".root", ".root", "{4C81099F-549A-4BBA-BCEC-5D13E4480903}"
	ProjectSection(SolutionItems) = preProject
		.editorconfig = .editorconfig
		.gitattributes = .gitattributes
		.gitignore = .gitignore
		config.schema.json = config.schema.json
		Directory.Build.props = Directory.Build.props
		LICENSE = LICENSE
		README.md = README.md
	EndProjectSection
EndProject
Global
	GlobalSection(SolutionConfigurationPlatforms) = preSolution
		Debug|x64 = Debug|x64
		Release|x64 = Release|x64
	EndGlobalSection
	GlobalSection(ProjectConfigurationPlatforms) = postSolution
		{46B86BC9-654F-4C4E-9104-7E860D49E2FD}.Debug|x64.ActiveCfg = Debug|x64
		{46B86BC9-654F-4C4E-9104-7E860D49E2FD}.Debug|x64.Build.0 = Debug|x64
		{46B86BC9-654F-4C4E-9104-7E860D49E2FD}.Release|x64.ActiveCfg = Release|x64
		{46B86BC9-654F-4C4E-9104-7E860D49E2FD}.Release|x64.Build.0 = Release|x64
		{8CF5AEF7-1A6B-486C-96DA-0246179AD07F}.Debug|x64.ActiveCfg = Debug|x64
		{8CF5AEF7-1A6B-486C-96DA-0246179AD07F}.Debug|x64.Build.0 = Debug|x64
		{8CF5AEF7-1A6B-486C-96DA-0246179AD07F}.Release|x64.ActiveCfg = Release|x64
		{8CF5AEF7-1A6B-486C-96DA-0246179AD07F}.Release|x64.Build.0 = Release|x64
		{35047291-5F61-43CE-AE52-F58934DAEBBC}.Debug|x64.ActiveCfg = Debug|x64
		{35047291-5F61-43CE-AE52-F58934DAEBBC}.Debug|x64.Build.0 = Debug|x64
		{35047291-5F61-43CE-AE52-F58934DAEBBC}.Release|x64.ActiveCfg = Release|x64
		{35047291-5F61-43CE-AE52-F58934DAEBBC}.Release|x64.Build.0 = Release|x64
	EndGlobalSection
	GlobalSection(SolutionProperties) = preSolution
		HideSolutionNode = FALSE
	EndGlobalSection
	GlobalSection(ExtensibilityGlobals) = postSolution
		SolutionGuid = {153E20EA-32E3-421D-ADB3-289F0032A1A0}
	EndGlobalSection
EndGlobal
